// !$*UTF8*$!
{
	archiveVersion = 1;
	classes = {
	};
	objectVersion = 46;
	objects = {

/* Begin PBXBuildFile section */
		B262CCEC18468E920056F981 /* Foundation.framework in Frameworks */ = {isa = PBXBuildFile; fileRef = B262CCEB18468E920056F981 /* Foundation.framework */; };
		B262CCEE18468E920056F981 /* CoreGraphics.framework in Frameworks */ = {isa = PBXBuildFile; fileRef = B262CCED18468E920056F981 /* CoreGraphics.framework */; };
		B262CCF018468E920056F981 /* UIKit.framework in Frameworks */ = {isa = PBXBuildFile; fileRef = B262CCEF18468E920056F981 /* UIKit.framework */; };
		B262CCF618468E920056F981 /* InfoPlist.strings in Resources */ = {isa = PBXBuildFile; fileRef = B262CCF418468E920056F981 /* InfoPlist.strings */; };
		B262CCF818468E920056F981 /* main.m in Sources */ = {isa = PBXBuildFile; fileRef = B262CCF718468E920056F981 /* main.m */; };
		B262CCFC18468E920056F981 /* SocialSharingAppDelegate.m in Sources */ = {isa = PBXBuildFile; fileRef = B262CCFB18468E920056F981 /* SocialSharingAppDelegate.m */; };
		B262CCFF18468E920056F981 /* Main.storyboard in Resources */ = {isa = PBXBuildFile; fileRef = B262CCFD18468E920056F981 /* Main.storyboard */; };
		B262CD0218468E930056F981 /* SocialSharingViewController.m in Sources */ = {isa = PBXBuildFile; fileRef = B262CD0118468E930056F981 /* SocialSharingViewController.m */; };
		B262CD0418468E930056F981 /* Images.xcassets in Resources */ = {isa = PBXBuildFile; fileRef = B262CD0318468E930056F981 /* Images.xcassets */; };
		B262CD0B18468E930056F981 /* XCTest.framework in Frameworks */ = {isa = PBXBuildFile; fileRef = B262CD0A18468E930056F981 /* XCTest.framework */; };
		B262CD0C18468E930056F981 /* Foundation.framework in Frameworks */ = {isa = PBXBuildFile; fileRef = B262CCEB18468E920056F981 /* Foundation.framework */; };
		B262CD0D18468E930056F981 /* UIKit.framework in Frameworks */ = {isa = PBXBuildFile; fileRef = B262CCEF18468E920056F981 /* UIKit.framework */; };
		B262CD1518468E930056F981 /* InfoPlist.strings in Resources */ = {isa = PBXBuildFile; fileRef = B262CD1318468E930056F981 /* InfoPlist.strings */; };
		B262CD1718468E930056F981 /* SocialSharingTests.m in Sources */ = {isa = PBXBuildFile; fileRef = B262CD1618468E930056F981 /* SocialSharingTests.m */; };
/* End PBXBuildFile section */

/* Begin PBXContainerItemProxy section */
		B262CD0E18468E930056F981 /* PBXContainerItemProxy */ = {
			isa = PBXContainerItemProxy;
			containerPortal = B262CCE018468E920056F981 /* Project object */;
			proxyType = 1;
			remoteGlobalIDString = B262CCE718468E920056F981;
			remoteInfo = SocialSharing;
		};
/* End PBXContainerItemProxy section */

/* Begin PBXFileReference section */
		B262CCE818468E920056F981 /* SocialSharing.app */ = {isa = PBXFileReference; explicitFileType = wrapper.application; includeInIndex = 0; path = SocialSharing.app; sourceTree = BUILT_PRODUCTS_DIR; };
		B262CCEB18468E920056F981 /* Foundation.framework */ = {isa = PBXFileReference; lastKnownFileType = wrapper.framework; name = Foundation.framework; path = System/Library/Frameworks/Foundation.framework; sourceTree = SDKROOT; };
		B262CCED18468E920056F981 /* CoreGraphics.framework */ = {isa = PBXFileReference; lastKnownFileType = wrapper.framework; name = CoreGraphics.framework; path = System/Library/Frameworks/CoreGraphics.framework; sourceTree = SDKROOT; };
		B262CCEF18468E920056F981 /* UIKit.framework */ = {isa = PBXFileReference; lastKnownFileType = wrapper.framework; name = UIKit.framework; path = System/Library/Frameworks/UIKit.framework; sourceTree = SDKROOT; };
		B262CCF318468E920056F981 /* SocialSharing-Info.plist */ = {isa = PBXFileReference; lastKnownFileType = text.plist.xml; path = "SocialSharing-Info.plist"; sourceTree = "<group>"; };
		B262CCF518468E920056F981 /* en */ = {isa = PBXFileReference; lastKnownFileType = text.plist.strings; name = en; path = en.lproj/InfoPlist.strings; sourceTree = "<group>"; };
		B262CCF718468E920056F981 /* main.m */ = {isa = PBXFileReference; lastKnownFileType = sourcecode.c.objc; path = main.m; sourceTree = "<group>"; };
		B262CCF918468E920056F981 /* SocialSharing-Prefix.pch */ = {isa = PBXFileReference; lastKnownFileType = sourcecode.c.h; path = "SocialSharing-Prefix.pch"; sourceTree = "<group>"; };
		B262CCFA18468E920056F981 /* SocialSharingAppDelegate.h */ = {isa = PBXFileReference; lastKnownFileType = sourcecode.c.h; path = SocialSharingAppDelegate.h; sourceTree = "<group>"; };
		B262CCFB18468E920056F981 /* SocialSharingAppDelegate.m */ = {isa = PBXFileReference; lastKnownFileType = sourcecode.c.objc; path = SocialSharingAppDelegate.m; sourceTree = "<group>"; };
		B262CCFE18468E920056F981 /* Base */ = {isa = PBXFileReference; lastKnownFileType = file.storyboard; name = Base; path = Base.lproj/Main.storyboard; sourceTree = "<group>"; };
		B262CD0018468E930056F981 /* SocialSharingViewController.h */ = {isa = PBXFileReference; lastKnownFileType = sourcecode.c.h; path = SocialSharingViewController.h; sourceTree = "<group>"; };
		B262CD0118468E930056F981 /* SocialSharingViewController.m */ = {isa = PBXFileReference; lastKnownFileType = sourcecode.c.objc; path = SocialSharingViewController.m; sourceTree = "<group>"; };
		B262CD0318468E930056F981 /* Images.xcassets */ = {isa = PBXFileReference; lastKnownFileType = folder.assetcatalog; path = Images.xcassets; sourceTree = "<group>"; };
		B262CD0918468E930056F981 /* SocialSharingTests.xctest */ = {isa = PBXFileReference; explicitFileType = wrapper.cfbundle; includeInIndex = 0; path = SocialSharingTests.xctest; sourceTree = BUILT_PRODUCTS_DIR; };
		B262CD0A18468E930056F981 /* XCTest.framework */ = {isa = PBXFileReference; lastKnownFileType = wrapper.framework; name = XCTest.framework; path = Library/Frameworks/XCTest.framework; sourceTree = DEVELOPER_DIR; };
		B262CD1218468E930056F981 /* SocialSharingTests-Info.plist */ = {isa = PBXFileReference; lastKnownFileType = text.plist.xml; path = "SocialSharingTests-Info.plist"; sourceTree = "<group>"; };
		B262CD1418468E930056F981 /* en */ = {isa = PBXFileReference; lastKnownFileType = text.plist.strings; name = en; path = en.lproj/InfoPlist.strings; sourceTree = "<group>"; };
		B262CD1618468E930056F981 /* SocialSharingTests.m */ = {isa = PBXFileReference; lastKnownFileType = sourcecode.c.objc; path = SocialSharingTests.m; sourceTree = "<group>"; };
/* End PBXFileReference section */

/* Begin PBXFrameworksBuildPhase section */
		B262CCE518468E920056F981 /* Frameworks */ = {
			isa = PBXFrameworksBuildPhase;
			buildActionMask = 2147483647;
			files = (
				B262CCEE18468E920056F981 /* CoreGraphics.framework in Frameworks */,
				B262CCF018468E920056F981 /* UIKit.framework in Frameworks */,
				B262CCEC18468E920056F981 /* Foundation.framework in Frameworks */,
			);
			runOnlyForDeploymentPostprocessing = 0;
		};
		B262CD0618468E930056F981 /* Frameworks */ = {
			isa = PBXFrameworksBuildPhase;
			buildActionMask = 2147483647;
			files = (
				B262CD0B18468E930056F981 /* XCTest.framework in Frameworks */,
				B262CD0D18468E930056F981 /* UIKit.framework in Frameworks */,
				B262CD0C18468E930056F981 /* Foundation.framework in Frameworks */,
			);
			runOnlyForDeploymentPostprocessing = 0;
		};
/* End PBXFrameworksBuildPhase section */

/* Begin PBXGroup section */
		B262CCDF18468E920056F981 = {
			isa = PBXGroup;
			children = (
				B262CCF118468E920056F981 /* SocialSharing */,
				B262CD1018468E930056F981 /* SocialSharingTests */,
				B262CCEA18468E920056F981 /* Frameworks */,
				B262CCE918468E920056F981 /* Products */,
			);
			sourceTree = "<group>";
		};
		B262CCE918468E920056F981 /* Products */ = {
			isa = PBXGroup;
			children = (
				B262CCE818468E920056F981 /* SocialSharing.app */,
				B262CD0918468E930056F981 /* SocialSharingTests.xctest */,
			);
			name = Products;
			sourceTree = "<group>";
		};
		B262CCEA18468E920056F981 /* Frameworks */ = {
			isa = PBXGroup;
			children = (
				B262CCEB18468E920056F981 /* Foundation.framework */,
				B262CCED18468E920056F981 /* CoreGraphics.framework */,
				B262CCEF18468E920056F981 /* UIKit.framework */,
				B262CD0A18468E930056F981 /* XCTest.framework */,
			);
			name = Frameworks;
			sourceTree = "<group>";
		};
		B262CCF118468E920056F981 /* SocialSharing */ = {
			isa = PBXGroup;
			children = (
				B262CCFA18468E920056F981 /* SocialSharingAppDelegate.h */,
				B262CCFB18468E920056F981 /* SocialSharingAppDelegate.m */,
				B262CCFD18468E920056F981 /* Main.storyboard */,
				B262CD0018468E930056F981 /* SocialSharingViewController.h */,
				B262CD0118468E930056F981 /* SocialSharingViewController.m */,
				B262CD0318468E930056F981 /* Images.xcassets */,
				B262CCF218468E920056F981 /* Supporting Files */,
			);
			path = SocialSharing;
			sourceTree = "<group>";
		};
		B262CCF218468E920056F981 /* Supporting Files */ = {
			isa = PBXGroup;
			children = (
				B262CCF318468E920056F981 /* SocialSharing-Info.plist */,
				B262CCF418468E920056F981 /* InfoPlist.strings */,
				B262CCF718468E920056F981 /* main.m */,
				B262CCF918468E920056F981 /* SocialSharing-Prefix.pch */,
			);
			name = "Supporting Files";
			sourceTree = "<group>";
		};
		B262CD1018468E930056F981 /* SocialSharingTests */ = {
			isa = PBXGroup;
			children = (
				B262CD1618468E930056F981 /* SocialSharingTests.m */,
				B262CD1118468E930056F981 /* Supporting Files */,
			);
			path = SocialSharingTests;
			sourceTree = "<group>";
		};
		B262CD1118468E930056F981 /* Supporting Files */ = {
			isa = PBXGroup;
			children = (
				B262CD1218468E930056F981 /* SocialSharingTests-Info.plist */,
				B262CD1318468E930056F981 /* InfoPlist.strings */,
			);
			name = "Supporting Files";
			sourceTree = "<group>";
		};
/* End PBXGroup section */

/* Begin PBXNativeTarget section */
		B262CCE718468E920056F981 /* SocialSharing */ = {
			isa = PBXNativeTarget;
			buildConfigurationList = B262CD1A18468E930056F981 /* Build configuration list for PBXNativeTarget "SocialSharing" */;
			buildPhases = (
				B262CCE418468E920056F981 /* Sources */,
				B262CCE518468E920056F981 /* Frameworks */,
				B262CCE618468E920056F981 /* Resources */,
			);
			buildRules = (
			);
			dependencies = (
			);
			name = SocialSharing;
			productName = SocialSharing;
			productReference = B262CCE818468E920056F981 /* SocialSharing.app */;
			productType = "com.apple.product-type.application";
		};
		B262CD0818468E930056F981 /* SocialSharingTests */ = {
			isa = PBXNativeTarget;
			buildConfigurationList = B262CD1D18468E930056F981 /* Build configuration list for PBXNativeTarget "SocialSharingTests" */;
			buildPhases = (
				B262CD0518468E930056F981 /* Sources */,
				B262CD0618468E930056F981 /* Frameworks */,
				B262CD0718468E930056F981 /* Resources */,
			);
			buildRules = (
			);
			dependencies = (
				B262CD0F18468E930056F981 /* PBXTargetDependency */,
			);
			name = SocialSharingTests;
			productName = SocialSharingTests;
			productReference = B262CD0918468E930056F981 /* SocialSharingTests.xctest */;
			productType = "com.apple.product-type.bundle.unit-test";
		};
/* End PBXNativeTarget section */

/* Begin PBXProject section */
		B262CCE018468E920056F981 /* Project object */ = {
			isa = PBXProject;
			attributes = {
				CLASSPREFIX = SocialSharing;
				LastUpgradeCheck = 0500;
				ORGANIZATIONNAME = "Alain Malenfant";
				TargetAttributes = {
					B262CD0818468E930056F981 = {
						TestTargetID = B262CCE718468E920056F981;
					};
				};
			};
			buildConfigurationList = B262CCE318468E920056F981 /* Build configuration list for PBXProject "SocialSharing" */;
			compatibilityVersion = "Xcode 3.2";
			developmentRegion = English;
			hasScannedForEncodings = 0;
			knownRegions = (
				en,
				Base,
			);
			mainGroup = B262CCDF18468E920056F981;
			productRefGroup = B262CCE918468E920056F981 /* Products */;
			projectDirPath = "";
			projectRoot = "";
			targets = (
				B262CCE718468E920056F981 /* SocialSharing */,
				B262CD0818468E930056F981 /* SocialSharingTests */,
			);
		};
/* End PBXProject section */

/* Begin PBXResourcesBuildPhase section */
		B262CCE618468E920056F981 /* Resources */ = {
			isa = PBXResourcesBuildPhase;
			buildActionMask = 2147483647;
			files = (
				B262CD0418468E930056F981 /* Images.xcassets in Resources */,
				B262CCF618468E920056F981 /* InfoPlist.strings in Resources */,
				B262CCFF18468E920056F981 /* Main.storyboard in Resources */,
			);
			runOnlyForDeploymentPostprocessing = 0;
		};
		B262CD0718468E930056F981 /* Resources */ = {
			isa = PBXResourcesBuildPhase;
			buildActionMask = 2147483647;
			files = (
				B262CD1518468E930056F981 /* InfoPlist.strings in Resources */,
			);
			runOnlyForDeploymentPostprocessing = 0;
		};
/* End PBXResourcesBuildPhase section */

/* Begin PBXSourcesBuildPhase section */
		B262CCE418468E920056F981 /* Sources */ = {
			isa = PBXSourcesBuildPhase;
			buildActionMask = 2147483647;
			files = (
				B262CCFC18468E920056F981 /* SocialSharingAppDelegate.m in Sources */,
				B262CCF818468E920056F981 /* main.m in Sources */,
				B262CD0218468E930056F981 /* SocialSharingViewController.m in Sources */,
			);
			runOnlyForDeploymentPostprocessing = 0;
		};
		B262CD0518468E930056F981 /* Sources */ = {
			isa = PBXSourcesBuildPhase;
			buildActionMask = 2147483647;
			files = (
				B262CD1718468E930056F981 /* SocialSharingTests.m in Sources */,
			);
			runOnlyForDeploymentPostprocessing = 0;
		};
/* End PBXSourcesBuildPhase section */

/* Begin PBXTargetDependency section */
		B262CD0F18468E930056F981 /* PBXTargetDependency */ = {
			isa = PBXTargetDependency;
			target = B262CCE718468E920056F981 /* SocialSharing */;
			targetProxy = B262CD0E18468E930056F981 /* PBXContainerItemProxy */;
		};
/* End PBXTargetDependency section */

/* Begin PBXVariantGroup section */
		B262CCF418468E920056F981 /* InfoPlist.strings */ = {
			isa = PBXVariantGroup;
			children = (
				B262CCF518468E920056F981 /* en */,
			);
			name = InfoPlist.strings;
			sourceTree = "<group>";
		};
		B262CCFD18468E920056F981 /* Main.storyboard */ = {
			isa = PBXVariantGroup;
			children = (
				B262CCFE18468E920056F981 /* Base */,
			);
			name = Main.storyboard;
			sourceTree = "<group>";
		};
		B262CD1318468E930056F981 /* InfoPlist.strings */ = {
			isa = PBXVariantGroup;
			children = (
				B262CD1418468E930056F981 /* en */,
			);
			name = InfoPlist.strings;
			sourceTree = "<group>";
		};
/* End PBXVariantGroup section */

/* Begin XCBuildConfiguration section */
		B262CD1818468E930056F981 /* Debug */ = {
			isa = XCBuildConfiguration;
			buildSettings = {
				ALWAYS_SEARCH_USER_PATHS = NO;
				ARCHS = "$(ARCHS_STANDARD_INCLUDING_64_BIT)";
				CLANG_CXX_LANGUAGE_STANDARD = "gnu++0x";
				CLANG_CXX_LIBRARY = "libc++";
				CLANG_ENABLE_MODULES = YES;
				CLANG_ENABLE_OBJC_ARC = YES;
				CLANG_WARN_BOOL_CONVERSION = YES;
				CLANG_WARN_CONSTANT_CONVERSION = YES;
				CLANG_WARN_DIRECT_OBJC_ISA_USAGE = YES_ERROR;
				CLANG_WARN_EMPTY_BODY = YES;
				CLANG_WARN_ENUM_CONVERSION = YES;
				CLANG_WARN_INT_CONVERSION = YES;
				CLANG_WARN_OBJC_ROOT_CLASS = YES_ERROR;
				CLANG_WARN__DUPLICATE_METHOD_MATCH = YES;
				"CODE_SIGN_IDENTITY[sdk=iphoneos*]" = "iPhone Developer";
				COPY_PHASE_STRIP = NO;
				GCC_C_LANGUAGE_STANDARD = gnu99;
				GCC_DYNAMIC_NO_PIC = NO;
				GCC_OPTIMIZATION_LEVEL = 0;
				GCC_PREPROCESSOR_DEFINITIONS = (
					"DEBUG=1",
					"$(inherited)",
				);
				GCC_SYMBOLS_PRIVATE_EXTERN = NO;
				GCC_WARN_64_TO_32_BIT_CONVERSION = YES;
				GCC_WARN_ABOUT_RETURN_TYPE = YES_ERROR;
				GCC_WARN_UNDECLARED_SELECTOR = YES;
				GCC_WARN_UNINITIALIZED_AUTOS = YES;
				GCC_WARN_UNUSED_FUNCTION = YES;
				GCC_WARN_UNUSED_VARIABLE = YES;
				IPHONEOS_DEPLOYMENT_TARGET = 7.0;
				ONLY_ACTIVE_ARCH = YES;
				SDKROOT = iphoneos;
			};
			name = Debug;
		};
		B262CD1918468E930056F981 /* Release */ = {
			isa = XCBuildConfiguration;
			buildSettings = {
				ALWAYS_SEARCH_USER_PATHS = NO;
				ARCHS = "$(ARCHS_STANDARD_INCLUDING_64_BIT)";
				CLANG_CXX_LANGUAGE_STANDARD = "gnu++0x";
				CLANG_CXX_LIBRARY = "libc++";
				CLANG_ENABLE_MODULES = YES;
				CLANG_ENABLE_OBJC_ARC = YES;
				CLANG_WARN_BOOL_CONVERSION = YES;
				CLANG_WARN_CONSTANT_CONVERSION = YES;
				CLANG_WARN_DIRECT_OBJC_ISA_USAGE = YES_ERROR;
				CLANG_WARN_EMPTY_BODY = YES;
				CLANG_WARN_ENUM_CONVERSION = YES;
				CLANG_WARN_INT_CONVERSION = YES;
				CLANG_WARN_OBJC_ROOT_CLASS = YES_ERROR;
				CLANG_WARN__DUPLICATE_METHOD_MATCH = YES;
				"CODE_SIGN_IDENTITY[sdk=iphoneos*]" = "iPhone Developer";
				COPY_PHASE_STRIP = YES;
				ENABLE_NS_ASSERTIONS = NO;
				GCC_C_LANGUAGE_STANDARD = gnu99;
				GCC_WARN_64_TO_32_BIT_CONVERSION = YES;
				GCC_WARN_ABOUT_RETURN_TYPE = YES_ERROR;
				GCC_WARN_UNDECLARED_SELECTOR = YES;
				GCC_WARN_UNINITIALIZED_AUTOS = YES;
				GCC_WARN_UNUSED_FUNCTION = YES;
				GCC_WARN_UNUSED_VARIABLE = YES;
				IPHONEOS_DEPLOYMENT_TARGET = 7.0;
				SDKROOT = iphoneos;
				VALIDATE_PRODUCT = YES;
			};
			name = Release;
		};
		B262CD1B18468E930056F981 /* Debug */ = {
			isa = XCBuildConfiguration;
			buildSettings = {
				ASSETCATALOG_COMPILER_APPICON_NAME = AppIcon;
				ASSETCATALOG_COMPILER_LAUNCHIMAGE_NAME = LaunchImage;
				GCC_PRECOMPILE_PREFIX_HEADER = YES;
				GCC_PREFIX_HEADER = "SocialSharing/SocialSharing-Prefix.pch";
				INFOPLIST_FILE = "SocialSharing/SocialSharing-Info.plist";
				PRODUCT_NAME = "$(TARGET_NAME)";
				WRAPPER_EXTENSION = app;
			};
			name = Debug;
		};
		B262CD1C18468E930056F981 /* Release */ = {
			isa = XCBuildConfiguration;
			buildSettings = {
				ASSETCATALOG_COMPILER_APPICON_NAME = AppIcon;
				ASSETCATALOG_COMPILER_LAUNCHIMAGE_NAME = LaunchImage;
				GCC_PRECOMPILE_PREFIX_HEADER = YES;
				GCC_PREFIX_HEADER = "SocialSharing/SocialSharing-Prefix.pch";
				INFOPLIST_FILE = "SocialSharing/SocialSharing-Info.plist";
				PRODUCT_NAME = "$(TARGET_NAME)";
				WRAPPER_EXTENSION = app;
			};
			name = Release;
		};
		B262CD1E18468E930056F981 /* Debug */ = {
			isa = XCBuildConfiguration;
			buildSettings = {
				ARCHS = "$(ARCHS_STANDARD_INCLUDING_64_BIT)";
				BUNDLE_LOADER = "$(BUILT_PRODUCTS_DIR)/SocialSharing.app/SocialSharing";
				FRAMEWORK_SEARCH_PATHS = (
					"$(SDKROOT)/Developer/Library/Frameworks",
					"$(inherited)",
					"$(DEVELOPER_FRAMEWORKS_DIR)",
				);
				GCC_PRECOMPILE_PREFIX_HEADER = YES;
				GCC_PREFIX_HEADER = "SocialSharing/SocialSharing-Prefix.pch";
				GCC_PREPROCESSOR_DEFINITIONS = (
					"DEBUG=1",
					"$(inherited)",
				);
				INFOPLIST_FILE = "SocialSharingTests/SocialSharingTests-Info.plist";
				PRODUCT_NAME = "$(TARGET_NAME)";
				TEST_HOST = "$(BUNDLE_LOADER)";
				WRAPPER_EXTENSION = xctest;
			};
			name = Debug;
		};
		B262CD1F18468E930056F981 /* Release */ = {
			isa = XCBuildConfiguration;
			buildSettings = {
				ARCHS = "$(ARCHS_STANDARD_INCLUDING_64_BIT)";
				BUNDLE_LOADER = "$(BUILT_PRODUCTS_DIR)/SocialSharing.app/SocialSharing";
				FRAMEWORK_SEARCH_PATHS = (
					"$(SDKROOT)/Developer/Library/Frameworks",
					"$(inherited)",
					"$(DEVELOPER_FRAMEWORKS_DIR)",
				);
				GCC_PRECOMPILE_PREFIX_HEADER = YES;
				GCC_PREFIX_HEADER = "SocialSharing/SocialSharing-Prefix.pch";
				INFOPLIST_FILE = "SocialSharingTests/SocialSharingTests-Info.plist";
				PRODUCT_NAME = "$(TARGET_NAME)";
				TEST_HOST = "$(BUNDLE_LOADER)";
				WRAPPER_EXTENSION = xctest;
			};
			name = Release;
		};
/* End XCBuildConfiguration section */

/* Begin XCConfigurationList section */
		B262CCE318468E920056F981 /* Build configuration list for PBXProject "SocialSharing" */ = {
			isa = XCConfigurationList;
			buildConfigurations = (
				B262CD1818468E930056F981 /* Debug */,
				B262CD1918468E930056F981 /* Release */,
			);
			defaultConfigurationIsVisible = 0;
			defaultConfigurationName = Release;
		};
		B262CD1A18468E930056F981 /* Build configuration list for PBXNativeTarget "SocialSharing" */ = {
			isa = XCConfigurationList;
			buildConfigurations = (
				B262CD1B18468E930056F981 /* Debug */,
				B262CD1C18468E930056F981 /* Release */,
			);
			defaultConfigurationIsVisible = 0;
		};
		B262CD1D18468E930056F981 /* Build configuration list for PBXNativeTarget "SocialSharingTests" */ = {
			isa = XCConfigurationList;
			buildConfigurations = (
				B262CD1E18468E930056F981 /* Debug */,
				B262CD1F18468E930056F981 /* Release */,
			);
			defaultConfigurationIsVisible = 0;
		};
/* End XCConfigurationList section */
	};
	rootObject = B262CCE018468E920056F981 /* Project object */;
}
